// !$*UTF8*$!
{
	archiveVersion = 1;
	classes = {
	};
	objectVersion = 48;
	objects = {

/* Begin PBXBuildFile section */
		050A6E55201D346600F80865 /* main.swift in Sources */ = {isa = PBXBuildFile; fileRef = 050A6E54201D346600F80865 /* main.swift */; };
		050A6E5D201D348900F80865 /* RobotCoordinator.swift in Sources */ = {isa = PBXBuildFile; fileRef = 050A6E5C201D348900F80865 /* RobotCoordinator.swift */; };
		050A6E60201D34A200F80865 /* Robot.swift in Sources */ = {isa = PBXBuildFile; fileRef = 050A6E5F201D34A200F80865 /* Robot.swift */; };
		050A6E62201D34C500F80865 /* Movement.swift in Sources */ = {isa = PBXBuildFile; fileRef = 050A6E61201D34C500F80865 /* Movement.swift */; };
		050A6E72201D360600F80865 /* RobotTests.swift in Sources */ = {isa = PBXBuildFile; fileRef = 050A6E71201D360600F80865 /* RobotTests.swift */; };
		050A6E73201DE50900F80865 /* Movement.swift in Sources */ = {isa = PBXBuildFile; fileRef = 050A6E61201D34C500F80865 /* Movement.swift */; };
		050A6E74201DE51800F80865 /* Robot.swift in Sources */ = {isa = PBXBuildFile; fileRef = 050A6E5F201D34A200F80865 /* Robot.swift */; };
		050A6E75201DE51A00F80865 /* RobotCoordinator.swift in Sources */ = {isa = PBXBuildFile; fileRef = 050A6E5C201D348900F80865 /* RobotCoordinator.swift */; };
		050A6E77201DE5FF00F80865 /* MovementTests.swift in Sources */ = {isa = PBXBuildFile; fileRef = 050A6E76201DE5FF00F80865 /* MovementTests.swift */; };
		050A6E79201E001C00F80865 /* RobotCoordinatorTests.swift in Sources */ = {isa = PBXBuildFile; fileRef = 050A6E78201E001C00F80865 /* RobotCoordinatorTests.swift */; };
/* End PBXBuildFile section */

/* Begin PBXCopyFilesBuildPhase section */
		050A6E4F201D346600F80865 /* CopyFiles */ = {
			isa = PBXCopyFilesBuildPhase;
			buildActionMask = 2147483647;
			dstPath = /usr/share/man/man1/;
			dstSubfolderSpec = 0;
			files = (
			);
			runOnlyForDeploymentPostprocessing = 1;
		};
/* End PBXCopyFilesBuildPhase section */

/* Begin PBXFileReference section */
		050A6E51201D346600F80865 /* Mars */ = {isa = PBXFileReference; explicitFileType = "compiled.mach-o.executable"; includeInIndex = 0; path = Mars; sourceTree = BUILT_PRODUCTS_DIR; };
		050A6E54201D346600F80865 /* main.swift */ = {isa = PBXFileReference; lastKnownFileType = sourcecode.swift; path = main.swift; sourceTree = "<group>"; };
		050A6E5C201D348900F80865 /* RobotCoordinator.swift */ = {isa = PBXFileReference; lastKnownFileType = sourcecode.swift; path = RobotCoordinator.swift; sourceTree = "<group>"; };
		050A6E5F201D34A200F80865 /* Robot.swift */ = {isa = PBXFileReference; lastKnownFileType = sourcecode.swift; path = Robot.swift; sourceTree = "<group>"; };
		050A6E61201D34C500F80865 /* Movement.swift */ = {isa = PBXFileReference; lastKnownFileType = sourcecode.swift; path = Movement.swift; sourceTree = "<group>"; };
		050A6E67201D35D500F80865 /* MarsTests.xctest */ = {isa = PBXFileReference; explicitFileType = wrapper.cfbundle; includeInIndex = 0; path = MarsTests.xctest; sourceTree = BUILT_PRODUCTS_DIR; };
		050A6E6B201D35D500F80865 /* Info.plist */ = {isa = PBXFileReference; lastKnownFileType = text.plist.xml; path = Info.plist; sourceTree = "<group>"; };
		050A6E71201D360600F80865 /* RobotTests.swift */ = {isa = PBXFileReference; lastKnownFileType = sourcecode.swift; path = RobotTests.swift; sourceTree = "<group>"; };
		050A6E76201DE5FF00F80865 /* MovementTests.swift */ = {isa = PBXFileReference; lastKnownFileType = sourcecode.swift; path = MovementTests.swift; sourceTree = "<group>"; };
		050A6E78201E001C00F80865 /* RobotCoordinatorTests.swift */ = {isa = PBXFileReference; lastKnownFileType = sourcecode.swift; path = RobotCoordinatorTests.swift; sourceTree = "<group>"; };
/* End PBXFileReference section */

/* Begin PBXFrameworksBuildPhase section */
		050A6E4E201D346600F80865 /* Frameworks */ = {
			isa = PBXFrameworksBuildPhase;
			buildActionMask = 2147483647;
			files = (
			);
			runOnlyForDeploymentPostprocessing = 0;
		};
		050A6E64201D35D500F80865 /* Frameworks */ = {
			isa = PBXFrameworksBuildPhase;
			buildActionMask = 2147483647;
			files = (
			);
			runOnlyForDeploymentPostprocessing = 0;
		};
/* End PBXFrameworksBuildPhase section */

/* Begin PBXGroup section */
		050A6E48201D346600F80865 = {
			isa = PBXGroup;
			children = (
				050A6E53201D346600F80865 /* Mars */,
				050A6E68201D35D500F80865 /* MarsTests */,
				050A6E52201D346600F80865 /* Products */,
			);
			sourceTree = "<group>";
		};
		050A6E52201D346600F80865 /* Products */ = {
			isa = PBXGroup;
			children = (
				050A6E51201D346600F80865 /* Mars */,
				050A6E67201D35D500F80865 /* MarsTests.xctest */,
			);
			name = Products;
			sourceTree = "<group>";
		};
		050A6E53201D346600F80865 /* Mars */ = {
			isa = PBXGroup;
			children = (
				050A6E5E201D349400F80865 /* Model */,
				050A6E5B201D347700F80865 /* Coordinator */,
				050A6E54201D346600F80865 /* main.swift */,
			);
			path = Mars;
			sourceTree = "<group>";
		};
		050A6E5B201D347700F80865 /* Coordinator */ = {
			isa = PBXGroup;
			children = (
				050A6E5C201D348900F80865 /* RobotCoordinator.swift */,
			);
			path = Coordinator;
			sourceTree = "<group>";
		};
		050A6E5E201D349400F80865 /* Model */ = {
			isa = PBXGroup;
			children = (
				050A6E5F201D34A200F80865 /* Robot.swift */,
				050A6E61201D34C500F80865 /* Movement.swift */,
			);
			path = Model;
			sourceTree = "<group>";
		};
		050A6E68201D35D500F80865 /* MarsTests */ = {
			isa = PBXGroup;
			children = (
				050A6E71201D360600F80865 /* RobotTests.swift */,
				050A6E76201DE5FF00F80865 /* MovementTests.swift */,
				050A6E78201E001C00F80865 /* RobotCoordinatorTests.swift */,
				050A6E6B201D35D500F80865 /* Info.plist */,
			);
			path = MarsTests;
			sourceTree = "<group>";
		};
/* End PBXGroup section */

/* Begin PBXNativeTarget section */
		050A6E50201D346600F80865 /* Mars */ = {
			isa = PBXNativeTarget;
			buildConfigurationList = 050A6E58201D346600F80865 /* Build configuration list for PBXNativeTarget "Mars" */;
			buildPhases = (
				050A6E4D201D346600F80865 /* Sources */,
				050A6E4E201D346600F80865 /* Frameworks */,
				050A6E4F201D346600F80865 /* CopyFiles */,
			);
			buildRules = (
			);
			dependencies = (
			);
			name = Mars;
			productName = Mars;
			productReference = 050A6E51201D346600F80865 /* Mars */;
			productType = "com.apple.product-type.tool";
		};
		050A6E66201D35D500F80865 /* MarsTests */ = {
			isa = PBXNativeTarget;
			buildConfigurationList = 050A6E6C201D35D500F80865 /* Build configuration list for PBXNativeTarget "MarsTests" */;
			buildPhases = (
				050A6E63201D35D500F80865 /* Sources */,
				050A6E64201D35D500F80865 /* Frameworks */,
				050A6E65201D35D500F80865 /* Resources */,
			);
			buildRules = (
			);
			dependencies = (
			);
			name = MarsTests;
			productName = MarsTests;
			productReference = 050A6E67201D35D500F80865 /* MarsTests.xctest */;
			productType = "com.apple.product-type.bundle.unit-test";
		};
/* End PBXNativeTarget section */

/* Begin PBXProject section */
		050A6E49201D346600F80865 /* Project object */ = {
			isa = PBXProject;
			attributes = {
				LastSwiftUpdateCheck = 0920;
				LastUpgradeCheck = 0920;
				ORGANIZATIONNAME = "Rodrigo Gonzalez";
				TargetAttributes = {
					050A6E50201D346600F80865 = {
						CreatedOnToolsVersion = 9.2;
						ProvisioningStyle = Automatic;
					};
					050A6E66201D35D500F80865 = {
						CreatedOnToolsVersion = 9.2;
						ProvisioningStyle = Automatic;
					};
				};
			};
			buildConfigurationList = 050A6E4C201D346600F80865 /* Build configuration list for PBXProject "Mars" */;
			compatibilityVersion = "Xcode 8.0";
			developmentRegion = en;
			hasScannedForEncodings = 0;
			knownRegions = (
				en,
			);
			mainGroup = 050A6E48201D346600F80865;
			productRefGroup = 050A6E52201D346600F80865 /* Products */;
			projectDirPath = "";
			projectRoot = "";
			targets = (
				050A6E50201D346600F80865 /* Mars */,
				050A6E66201D35D500F80865 /* MarsTests */,
			);
		};
/* End PBXProject section */

/* Begin PBXResourcesBuildPhase section */
		050A6E65201D35D500F80865 /* Resources */ = {
			isa = PBXResourcesBuildPhase;
			buildActionMask = 2147483647;
			files = (
			);
			runOnlyForDeploymentPostprocessing = 0;
		};
/* End PBXResourcesBuildPhase section */

/* Begin PBXSourcesBuildPhase section */
		050A6E4D201D346600F80865 /* Sources */ = {
			isa = PBXSourcesBuildPhase;
			buildActionMask = 2147483647;
			files = (
				050A6E62201D34C500F80865 /* Movement.swift in Sources */,
				050A6E55201D346600F80865 /* main.swift in Sources */,
				050A6E60201D34A200F80865 /* Robot.swift in Sources */,
				050A6E5D201D348900F80865 /* RobotCoordinator.swift in Sources */,
			);
			runOnlyForDeploymentPostprocessing = 0;
		};
		050A6E63201D35D500F80865 /* Sources */ = {
			isa = PBXSourcesBuildPhase;
			buildActionMask = 2147483647;
			files = (
				050A6E79201E001C00F80865 /* RobotCoordinatorTests.swift in Sources */,
				050A6E77201DE5FF00F80865 /* MovementTests.swift in Sources */,
				050A6E75201DE51A00F80865 /* RobotCoordinator.swift in Sources */,
				050A6E74201DE51800F80865 /* Robot.swift in Sources */,
				050A6E72201D360600F80865 /* RobotTests.swift in Sources */,
				050A6E73201DE50900F80865 /* Movement.swift in Sources */,
			);
			runOnlyForDeploymentPostprocessing = 0;
		};
/* End PBXSourcesBuildPhase section */

/* Begin XCBuildConfiguration section */
		050A6E56201D346600F80865 /* Debug */ = {
			isa = XCBuildConfiguration;
			buildSettings = {
				ALWAYS_SEARCH_USER_PATHS = NO;
				CLANG_ANALYZER_NONNULL = YES;
				CLANG_ANALYZER_NUMBER_OBJECT_CONVERSION = YES_AGGRESSIVE;
				CLANG_CXX_LANGUAGE_STANDARD = "gnu++14";
				CLANG_CXX_LIBRARY = "libc++";
				CLANG_ENABLE_MODULES = YES;
				CLANG_ENABLE_OBJC_ARC = YES;
				CLANG_WARN_BLOCK_CAPTURE_AUTORELEASING = YES;
				CLANG_WARN_BOOL_CONVERSION = YES;
				CLANG_WARN_COMMA = YES;
				CLANG_WARN_CONSTANT_CONVERSION = YES;
				CLANG_WARN_DIRECT_OBJC_ISA_USAGE = YES_ERROR;
				CLANG_WARN_DOCUMENTATION_COMMENTS = YES;
				CLANG_WARN_EMPTY_BODY = YES;
				CLANG_WARN_ENUM_CONVERSION = YES;
				CLANG_WARN_INFINITE_RECURSION = YES;
				CLANG_WARN_INT_CONVERSION = YES;
				CLANG_WARN_NON_LITERAL_NULL_CONVERSION = YES;
				CLANG_WARN_OBJC_LITERAL_CONVERSION = YES;
				CLANG_WARN_OBJC_ROOT_CLASS = YES_ERROR;
				CLANG_WARN_RANGE_LOOP_ANALYSIS = YES;
				CLANG_WARN_STRICT_PROTOTYPES = YES;
				CLANG_WARN_SUSPICIOUS_MOVE = YES;
				CLANG_WARN_UNGUARDED_AVAILABILITY = YES_AGGRESSIVE;
				CLANG_WARN_UNREACHABLE_CODE = YES;
				CLANG_WARN__DUPLICATE_METHOD_MATCH = YES;
				CODE_SIGN_IDENTITY = "-";
				COPY_PHASE_STRIP = NO;
				DEBUG_INFORMATION_FORMAT = dwarf;
				ENABLE_STRICT_OBJC_MSGSEND = YES;
				ENABLE_TESTABILITY = YES;
				GCC_C_LANGUAGE_STANDARD = gnu11;
				GCC_DYNAMIC_NO_PIC = NO;
				GCC_NO_COMMON_BLOCKS = YES;
				GCC_OPTIMIZATION_LEVEL = 0;
				GCC_PREPROCESSOR_DEFINITIONS = (
					"DEBUG=1",
					"$(inherited)",
				);
				GCC_WARN_64_TO_32_BIT_CONVERSION = YES;
				GCC_WARN_ABOUT_RETURN_TYPE = YES_ERROR;
				GCC_WARN_UNDECLARED_SELECTOR = YES;
				GCC_WARN_UNINITIALIZED_AUTOS = YES_AGGRESSIVE;
				GCC_WARN_UNUSED_FUNCTION = YES;
				GCC_WARN_UNUSED_VARIABLE = YES;
				MACOSX_DEPLOYMENT_TARGET = 10.13;
				MTL_ENABLE_DEBUG_INFO = YES;
				ONLY_ACTIVE_ARCH = YES;
				SDKROOT = macosx;
				SWIFT_ACTIVE_COMPILATION_CONDITIONS = DEBUG;
				SWIFT_OPTIMIZATION_LEVEL = "-Onone";
			};
			name = Debug;
		};
		050A6E57201D346600F80865 /* Release */ = {
			isa = XCBuildConfiguration;
			buildSettings = {
				ALWAYS_SEARCH_USER_PATHS = NO;
				CLANG_ANALYZER_NONNULL = YES;
				CLANG_ANALYZER_NUMBER_OBJECT_CONVERSION = YES_AGGRESSIVE;
				CLANG_CXX_LANGUAGE_STANDARD = "gnu++14";
				CLANG_CXX_LIBRARY = "libc++";
				CLANG_ENABLE_MODULES = YES;
				CLANG_ENABLE_OBJC_ARC = YES;
				CLANG_WARN_BLOCK_CAPTURE_AUTORELEASING = YES;
				CLANG_WARN_BOOL_CONVERSION = YES;
				CLANG_WARN_COMMA = YES;
				CLANG_WARN_CONSTANT_CONVERSION = YES;
				CLANG_WARN_DIRECT_OBJC_ISA_USAGE = YES_ERROR;
				CLANG_WARN_DOCUMENTATION_COMMENTS = YES;
				CLANG_WARN_EMPTY_BODY = YES;
				CLANG_WARN_ENUM_CONVERSION = YES;
				CLANG_WARN_INFINITE_RECURSION = YES;
				CLANG_WARN_INT_CONVERSION = YES;
				CLANG_WARN_NON_LITERAL_NULL_CONVERSION = YES;
				CLANG_WARN_OBJC_LITERAL_CONVERSION = YES;
				CLANG_WARN_OBJC_ROOT_CLASS = YES_ERROR;
				CLANG_WARN_RANGE_LOOP_ANALYSIS = YES;
				CLANG_WARN_STRICT_PROTOTYPES = YES;
				CLANG_WARN_SUSPICIOUS_MOVE = YES;
				CLANG_WARN_UNGUARDED_AVAILABILITY = YES_AGGRESSIVE;
				CLANG_WARN_UNREACHABLE_CODE = YES;
				CLANG_WARN__DUPLICATE_METHOD_MATCH = YES;
				CODE_SIGN_IDENTITY = "-";
				COPY_PHASE_STRIP = NO;
				DEBUG_INFORMATION_FORMAT = "dwarf-with-dsym";
				ENABLE_NS_ASSERTIONS = NO;
				ENABLE_STRICT_OBJC_MSGSEND = YES;
				GCC_C_LANGUAGE_STANDARD = gnu11;
				GCC_NO_COMMON_BLOCKS = YES;
				GCC_WARN_64_TO_32_BIT_CONVERSION = YES;
				GCC_WARN_ABOUT_RETURN_TYPE = YES_ERROR;
				GCC_WARN_UNDECLARED_SELECTOR = YES;
				GCC_WARN_UNINITIALIZED_AUTOS = YES_AGGRESSIVE;
				GCC_WARN_UNUSED_FUNCTION = YES;
				GCC_WARN_UNUSED_VARIABLE = YES;
				MACOSX_DEPLOYMENT_TARGET = 10.13;
				MTL_ENABLE_DEBUG_INFO = NO;
				SDKROOT = macosx;
				SWIFT_OPTIMIZATION_LEVEL = "-Owholemodule";
			};
			name = Release;
		};
		050A6E59201D346600F80865 /* Debug */ = {
			isa = XCBuildConfiguration;
			buildSettings = {
				CODE_SIGN_STYLE = Automatic;
				PRODUCT_NAME = "$(TARGET_NAME)";
				SWIFT_VERSION = 4.0;
			};
			name = Debug;
		};
		050A6E5A201D346600F80865 /* Release */ = {
			isa = XCBuildConfiguration;
			buildSettings = {
				CODE_SIGN_STYLE = Automatic;
				PRODUCT_NAME = "$(TARGET_NAME)";
				SWIFT_VERSION = 4.0;
			};
			name = Release;
		};
		050A6E6D201D35D500F80865 /* Debug */ = {
			isa = XCBuildConfiguration;
			buildSettings = {
				CODE_SIGN_STYLE = Automatic;
				COMBINE_HIDPI_IMAGES = YES;
				INFOPLIST_FILE = MarsTests/Info.plist;
				LD_RUNPATH_SEARCH_PATHS = "$(inherited) @executable_path/../Frameworks @loader_path/../Frameworks";
				PRODUCT_BUNDLE_IDENTIFIER = rg.MarsTests;
				PRODUCT_NAME = "$(TARGET_NAME)";
				SWIFT_VERSION = 4.0;
			};
			name = Debug;
		};
		050A6E6E201D35D500F80865 /* Release */ = {
			isa = XCBuildConfiguration;
			buildSettings = {
				CODE_SIGN_STYLE = Automatic;
				COMBINE_HIDPI_IMAGES = YES;
				INFOPLIST_FILE = MarsTests/Info.plist;
				LD_RUNPATH_SEARCH_PATHS = "$(inherited) @executable_path/../Frameworks @loader_path/../Frameworks";
				PRODUCT_BUNDLE_IDENTIFIER = rg.MarsTests;
				PRODUCT_NAME = "$(TARGET_NAME)";
				SWIFT_VERSION = 4.0;
			};
			name = Release;
		};
/* End XCBuildConfiguration section */

/* Begin XCConfigurationList section */
		050A6E4C201D346600F80865 /* Build configuration list for PBXProject "Mars" */ = {
			isa = XCConfigurationList;
			buildConfigurations = (
				050A6E56201D346600F80865 /* Debug */,
				050A6E57201D346600F80865 /* Release */,
			);
			defaultConfigurationIsVisible = 0;
			defaultConfigurationName = Release;
		};
		050A6E58201D346600F80865 /* Build configuration list for PBXNativeTarget "Mars" */ = {
			isa = XCConfigurationList;
			buildConfigurations = (
				050A6E59201D346600F80865 /* Debug */,
				050A6E5A201D346600F80865 /* Release */,
			);
			defaultConfigurationIsVisible = 0;
			defaultConfigurationName = Release;
		};
		050A6E6C201D35D500F80865 /* Build configuration list for PBXNativeTarget "MarsTests" */ = {
			isa = XCConfigurationList;
			buildConfigurations = (
				050A6E6D201D35D500F80865 /* Debug */,
				050A6E6E201D35D500F80865 /* Release */,
			);
			defaultConfigurationIsVisible = 0;
			defaultConfigurationName = Release;
		};
/* End XCConfigurationList section */
	};
	rootObject = 050A6E49201D346600F80865 /* Project object */;
}
